// !$*UTF8*$!
{
	archiveVersion = 1;
	classes = {
	};
	objectVersion = 56;
	objects = {

/* Begin PBXBuildFile section */
		A410595D28F969B600009C95 /* HoneymoonApp.swift in Sources */ = {isa = PBXBuildFile; fileRef = A410595C28F969B600009C95 /* HoneymoonApp.swift */; };
		A410595F28F969B600009C95 /* ContentView.swift in Sources */ = {isa = PBXBuildFile; fileRef = A410595E28F969B600009C95 /* ContentView.swift */; };
		A410596128F969B600009C95 /* Assets.xcassets in Resources */ = {isa = PBXBuildFile; fileRef = A410596028F969B600009C95 /* Assets.xcassets */; };
		A410596428F969B600009C95 /* Preview Assets.xcassets in Resources */ = {isa = PBXBuildFile; fileRef = A410596328F969B600009C95 /* Preview Assets.xcassets */; };
		A410597428F9765900009C95 /* CardView.swift in Sources */ = {isa = PBXBuildFile; fileRef = A410597328F9765900009C95 /* CardView.swift */; };
		A410597628F9769E00009C95 /* HeaderView.swift in Sources */ = {isa = PBXBuildFile; fileRef = A410597528F9769E00009C95 /* HeaderView.swift */; };
		A410597828F976A500009C95 /* FooterView.swift in Sources */ = {isa = PBXBuildFile; fileRef = A410597728F976A500009C95 /* FooterView.swift */; };
		A410597A28F976AD00009C95 /* GuideView.swift in Sources */ = {isa = PBXBuildFile; fileRef = A410597928F976AD00009C95 /* GuideView.swift */; };
		A410597C28F976B600009C95 /* InfoView.swift in Sources */ = {isa = PBXBuildFile; fileRef = A410597B28F976B600009C95 /* InfoView.swift */; };
		A410597E28F976F500009C95 /* HoneymoonModel.swift in Sources */ = {isa = PBXBuildFile; fileRef = A410597D28F976F500009C95 /* HoneymoonModel.swift */; };
		A410598028F9770F00009C95 /* HoneymoonData.swift in Sources */ = {isa = PBXBuildFile; fileRef = A410597F28F9770F00009C95 /* HoneymoonData.swift */; };
		A410598228F9773000009C95 /* TitleModifier.swift in Sources */ = {isa = PBXBuildFile; fileRef = A410598128F9773000009C95 /* TitleModifier.swift */; };
		A410598428F9773800009C95 /* ButtonModifier.swift in Sources */ = {isa = PBXBuildFile; fileRef = A410598328F9773800009C95 /* ButtonModifier.swift */; };
		A410598628F9773F00009C95 /* SymbolModifier.swift in Sources */ = {isa = PBXBuildFile; fileRef = A410598528F9773F00009C95 /* SymbolModifier.swift */; };
		A410598828F9775F00009C95 /* CardTransition.swift in Sources */ = {isa = PBXBuildFile; fileRef = A410598728F9775F00009C95 /* CardTransition.swift */; };
		A410598A28F9777C00009C95 /* HeaderComponent.swift in Sources */ = {isa = PBXBuildFile; fileRef = A410598928F9777C00009C95 /* HeaderComponent.swift */; };
		A410598C28F9778300009C95 /* GuideComponent.swift in Sources */ = {isa = PBXBuildFile; fileRef = A410598B28F9778300009C95 /* GuideComponent.swift */; };
		A410598E28F977B700009C95 /* PlaySound.swift in Sources */ = {isa = PBXBuildFile; fileRef = A410598D28F977B700009C95 /* PlaySound.swift */; };
		A410599128F977C700009C95 /* sound-rise.mp3 in Resources */ = {isa = PBXBuildFile; fileRef = A410598F28F977C700009C95 /* sound-rise.mp3 */; };
		A410599228F977C700009C95 /* sound-click.mp3 in Resources */ = {isa = PBXBuildFile; fileRef = A410599028F977C700009C95 /* sound-click.mp3 */; };
/* End PBXBuildFile section */

/* Begin PBXFileReference section */
		A410595928F969B600009C95 /* Honeymoon.app */ = {isa = PBXFileReference; explicitFileType = wrapper.application; includeInIndex = 0; path = Honeymoon.app; sourceTree = BUILT_PRODUCTS_DIR; };
		A410595C28F969B600009C95 /* HoneymoonApp.swift */ = {isa = PBXFileReference; lastKnownFileType = sourcecode.swift; path = HoneymoonApp.swift; sourceTree = "<group>"; };
		A410595E28F969B600009C95 /* ContentView.swift */ = {isa = PBXFileReference; lastKnownFileType = sourcecode.swift; path = ContentView.swift; sourceTree = "<group>"; };
		A410596028F969B600009C95 /* Assets.xcassets */ = {isa = PBXFileReference; lastKnownFileType = folder.assetcatalog; path = Assets.xcassets; sourceTree = "<group>"; };
		A410596328F969B600009C95 /* Preview Assets.xcassets */ = {isa = PBXFileReference; lastKnownFileType = folder.assetcatalog; path = "Preview Assets.xcassets"; sourceTree = "<group>"; };
		A410597328F9765900009C95 /* CardView.swift */ = {isa = PBXFileReference; lastKnownFileType = sourcecode.swift; path = CardView.swift; sourceTree = "<group>"; };
		A410597528F9769E00009C95 /* HeaderView.swift */ = {isa = PBXFileReference; lastKnownFileType = sourcecode.swift; path = HeaderView.swift; sourceTree = "<group>"; };
		A410597728F976A500009C95 /* FooterView.swift */ = {isa = PBXFileReference; lastKnownFileType = sourcecode.swift; path = FooterView.swift; sourceTree = "<group>"; };
		A410597928F976AD00009C95 /* GuideView.swift */ = {isa = PBXFileReference; lastKnownFileType = sourcecode.swift; path = GuideView.swift; sourceTree = "<group>"; };
		A410597B28F976B600009C95 /* InfoView.swift */ = {isa = PBXFileReference; lastKnownFileType = sourcecode.swift; path = InfoView.swift; sourceTree = "<group>"; };
		A410597D28F976F500009C95 /* HoneymoonModel.swift */ = {isa = PBXFileReference; lastKnownFileType = sourcecode.swift; path = HoneymoonModel.swift; sourceTree = "<group>"; };
		A410597F28F9770F00009C95 /* HoneymoonData.swift */ = {isa = PBXFileReference; lastKnownFileType = sourcecode.swift; path = HoneymoonData.swift; sourceTree = "<group>"; };
		A410598128F9773000009C95 /* TitleModifier.swift */ = {isa = PBXFileReference; lastKnownFileType = sourcecode.swift; path = TitleModifier.swift; sourceTree = "<group>"; };
		A410598328F9773800009C95 /* ButtonModifier.swift */ = {isa = PBXFileReference; lastKnownFileType = sourcecode.swift; path = ButtonModifier.swift; sourceTree = "<group>"; };
		A410598528F9773F00009C95 /* SymbolModifier.swift */ = {isa = PBXFileReference; lastKnownFileType = sourcecode.swift; path = SymbolModifier.swift; sourceTree = "<group>"; };
		A410598728F9775F00009C95 /* CardTransition.swift */ = {isa = PBXFileReference; lastKnownFileType = sourcecode.swift; path = CardTransition.swift; sourceTree = "<group>"; };
		A410598928F9777C00009C95 /* HeaderComponent.swift */ = {isa = PBXFileReference; lastKnownFileType = sourcecode.swift; path = HeaderComponent.swift; sourceTree = "<group>"; };
		A410598B28F9778300009C95 /* GuideComponent.swift */ = {isa = PBXFileReference; lastKnownFileType = sourcecode.swift; path = GuideComponent.swift; sourceTree = "<group>"; };
		A410598D28F977B700009C95 /* PlaySound.swift */ = {isa = PBXFileReference; lastKnownFileType = sourcecode.swift; path = PlaySound.swift; sourceTree = "<group>"; };
		A410598F28F977C700009C95 /* sound-rise.mp3 */ = {isa = PBXFileReference; lastKnownFileType = audio.mp3; path = "sound-rise.mp3"; sourceTree = "<group>"; };
		A410599028F977C700009C95 /* sound-click.mp3 */ = {isa = PBXFileReference; lastKnownFileType = audio.mp3; path = "sound-click.mp3"; sourceTree = "<group>"; };
/* End PBXFileReference section */

/* Begin PBXFrameworksBuildPhase section */
		A410595628F969B600009C95 /* Frameworks */ = {
			isa = PBXFrameworksBuildPhase;
			buildActionMask = 2147483647;
			files = (
			);
			runOnlyForDeploymentPostprocessing = 0;
		};
/* End PBXFrameworksBuildPhase section */

/* Begin PBXGroup section */
		A410595028F969B600009C95 = {
			isa = PBXGroup;
			children = (
				A410595B28F969B600009C95 /* Honeymoon */,
				A410595A28F969B600009C95 /* Products */,
			);
			sourceTree = "<group>";
		};
		A410595A28F969B600009C95 /* Products */ = {
			isa = PBXGroup;
			children = (
				A410595928F969B600009C95 /* Honeymoon.app */,
			);
			name = Products;
			sourceTree = "<group>";
		};
		A410595B28F969B600009C95 /* Honeymoon */ = {
			isa = PBXGroup;
			children = (
				A410597228F9760800009C95 /* View */,
				A410597128F9760200009C95 /* Model */,
				A410597028F975F900009C95 /* Data */,
				A410596E28F975E300009C95 /* Modifier */,
				A410596D28F975DC00009C95 /* Extension */,
				A410596C28F975D600009C95 /* Component */,
				A410596B28F975CF00009C95 /* Helper */,
				A410596A28F975C600009C95 /* Sound */,
				A410595C28F969B600009C95 /* HoneymoonApp.swift */,
				A410596028F969B600009C95 /* Assets.xcassets */,
				A410596228F969B600009C95 /* Preview Content */,
			);
			path = Honeymoon;
			sourceTree = "<group>";
		};
		A410596228F969B600009C95 /* Preview Content */ = {
			isa = PBXGroup;
			children = (
				A410596328F969B600009C95 /* Preview Assets.xcassets */,
			);
			path = "Preview Content";
			sourceTree = "<group>";
		};
		A410596A28F975C600009C95 /* Sound */ = {
			isa = PBXGroup;
			children = (
				A410599028F977C700009C95 /* sound-click.mp3 */,
				A410598F28F977C700009C95 /* sound-rise.mp3 */,
			);
			path = Sound;
			sourceTree = "<group>";
		};
		A410596B28F975CF00009C95 /* Helper */ = {
			isa = PBXGroup;
			children = (
				A410598D28F977B700009C95 /* PlaySound.swift */,
			);
			path = Helper;
			sourceTree = "<group>";
		};
		A410596C28F975D600009C95 /* Component */ = {
			isa = PBXGroup;
			children = (
				A410598928F9777C00009C95 /* HeaderComponent.swift */,
				A410598B28F9778300009C95 /* GuideComponent.swift */,
			);
			path = Component;
			sourceTree = "<group>";
		};
		A410596D28F975DC00009C95 /* Extension */ = {
			isa = PBXGroup;
			children = (
				A410598728F9775F00009C95 /* CardTransition.swift */,
			);
			path = Extension;
			sourceTree = "<group>";
		};
		A410596E28F975E300009C95 /* Modifier */ = {
			isa = PBXGroup;
			children = (
				A410598128F9773000009C95 /* TitleModifier.swift */,
				A410598328F9773800009C95 /* ButtonModifier.swift */,
				A410598528F9773F00009C95 /* SymbolModifier.swift */,
			);
			path = Modifier;
			sourceTree = "<group>";
		};
		A410597028F975F900009C95 /* Data */ = {
			isa = PBXGroup;
			children = (
				A410597F28F9770F00009C95 /* HoneymoonData.swift */,
			);
			path = Data;
			sourceTree = "<group>";
		};
		A410597128F9760200009C95 /* Model */ = {
			isa = PBXGroup;
			children = (
				A410597D28F976F500009C95 /* HoneymoonModel.swift */,
			);
			path = Model;
			sourceTree = "<group>";
		};
		A410597228F9760800009C95 /* View */ = {
			isa = PBXGroup;
			children = (
				A410595E28F969B600009C95 /* ContentView.swift */,
				A410597328F9765900009C95 /* CardView.swift */,
				A410597528F9769E00009C95 /* HeaderView.swift */,
				A410597728F976A500009C95 /* FooterView.swift */,
				A410597928F976AD00009C95 /* GuideView.swift */,
				A410597B28F976B600009C95 /* InfoView.swift */,
			);
			path = View;
			sourceTree = "<group>";
		};
/* End PBXGroup section */

/* Begin PBXNativeTarget section */
		A410595828F969B600009C95 /* Honeymoon */ = {
			isa = PBXNativeTarget;
			buildConfigurationList = A410596728F969B600009C95 /* Build configuration list for PBXNativeTarget "Honeymoon" */;
			buildPhases = (
				A410595528F969B600009C95 /* Sources */,
				A410595628F969B600009C95 /* Frameworks */,
				A410595728F969B600009C95 /* Resources */,
			);
			buildRules = (
			);
			dependencies = (
			);
			name = Honeymoon;
			productName = Honeymoon;
			productReference = A410595928F969B600009C95 /* Honeymoon.app */;
			productType = "com.apple.product-type.application";
		};
/* End PBXNativeTarget section */

/* Begin PBXProject section */
		A410595128F969B600009C95 /* Project object */ = {
			isa = PBXProject;
			attributes = {
				BuildIndependentTargetsInParallel = 1;
				LastSwiftUpdateCheck = 1400;
				LastUpgradeCheck = 1400;
				TargetAttributes = {
					A410595828F969B600009C95 = {
						CreatedOnToolsVersion = 14.0.1;
					};
				};
			};
			buildConfigurationList = A410595428F969B600009C95 /* Build configuration list for PBXProject "Honeymoon" */;
			compatibilityVersion = "Xcode 14.0";
			developmentRegion = en;
			hasScannedForEncodings = 0;
			knownRegions = (
				en,
				Base,
			);
			mainGroup = A410595028F969B600009C95;
			productRefGroup = A410595A28F969B600009C95 /* Products */;
			projectDirPath = "";
			projectRoot = "";
			targets = (
				A410595828F969B600009C95 /* Honeymoon */,
			);
		};
/* End PBXProject section */

/* Begin PBXResourcesBuildPhase section */
		A410595728F969B600009C95 /* Resources */ = {
			isa = PBXResourcesBuildPhase;
			buildActionMask = 2147483647;
			files = (
				A410599128F977C700009C95 /* sound-rise.mp3 in Resources */,
				A410599228F977C700009C95 /* sound-click.mp3 in Resources */,
				A410596428F969B600009C95 /* Preview Assets.xcassets in Resources */,
				A410596128F969B600009C95 /* Assets.xcassets in Resources */,
			);
			runOnlyForDeploymentPostprocessing = 0;
		};
/* End PBXResourcesBuildPhase section */

/* Begin PBXSourcesBuildPhase section */
		A410595528F969B600009C95 /* Sources */ = {
			isa = PBXSourcesBuildPhase;
			buildActionMask = 2147483647;
			files = (
				A410598628F9773F00009C95 /* SymbolModifier.swift in Sources */,
				A410595F28F969B600009C95 /* ContentView.swift in Sources */,
				A410598C28F9778300009C95 /* GuideComponent.swift in Sources */,
				A410598A28F9777C00009C95 /* HeaderComponent.swift in Sources */,
				A410597428F9765900009C95 /* CardView.swift in Sources */,
				A410595D28F969B600009C95 /* HoneymoonApp.swift in Sources */,
				A410598428F9773800009C95 /* ButtonModifier.swift in Sources */,
				A410598228F9773000009C95 /* TitleModifier.swift in Sources */,
				A410597A28F976AD00009C95 /* GuideView.swift in Sources */,
				A410598E28F977B700009C95 /* PlaySound.swift in Sources */,
				A410597E28F976F500009C95 /* HoneymoonModel.swift in Sources */,
				A410598828F9775F00009C95 /* CardTransition.swift in Sources */,
				A410597828F976A500009C95 /* FooterView.swift in Sources */,
				A410597628F9769E00009C95 /* HeaderView.swift in Sources */,
				A410597C28F976B600009C95 /* InfoView.swift in Sources */,
				A410598028F9770F00009C95 /* HoneymoonData.swift in Sources */,
			);
			runOnlyForDeploymentPostprocessing = 0;
		};
/* End PBXSourcesBuildPhase section */

/* Begin XCBuildConfiguration section */
		A410596528F969B600009C95 /* Debug */ = {
			isa = XCBuildConfiguration;
			buildSettings = {
				ALWAYS_SEARCH_USER_PATHS = NO;
				CLANG_ANALYZER_NONNULL = YES;
				CLANG_ANALYZER_NUMBER_OBJECT_CONVERSION = YES_AGGRESSIVE;
				CLANG_CXX_LANGUAGE_STANDARD = "gnu++20";
				CLANG_ENABLE_MODULES = YES;
				CLANG_ENABLE_OBJC_ARC = YES;
				CLANG_ENABLE_OBJC_WEAK = YES;
				CLANG_WARN_BLOCK_CAPTURE_AUTORELEASING = YES;
				CLANG_WARN_BOOL_CONVERSION = YES;
				CLANG_WARN_COMMA = YES;
				CLANG_WARN_CONSTANT_CONVERSION = YES;
				CLANG_WARN_DEPRECATED_OBJC_IMPLEMENTATIONS = YES;
				CLANG_WARN_DIRECT_OBJC_ISA_USAGE = YES_ERROR;
				CLANG_WARN_DOCUMENTATION_COMMENTS = YES;
				CLANG_WARN_EMPTY_BODY = YES;
				CLANG_WARN_ENUM_CONVERSION = YES;
				CLANG_WARN_INFINITE_RECURSION = YES;
				CLANG_WARN_INT_CONVERSION = YES;
				CLANG_WARN_NON_LITERAL_NULL_CONVERSION = YES;
				CLANG_WARN_OBJC_IMPLICIT_RETAIN_SELF = YES;
				CLANG_WARN_OBJC_LITERAL_CONVERSION = YES;
				CLANG_WARN_OBJC_ROOT_CLASS = YES_ERROR;
				CLANG_WARN_QUOTED_INCLUDE_IN_FRAMEWORK_HEADER = YES;
				CLANG_WARN_RANGE_LOOP_ANALYSIS = YES;
				CLANG_WARN_STRICT_PROTOTYPES = YES;
				CLANG_WARN_SUSPICIOUS_MOVE = YES;
				CLANG_WARN_UNGUARDED_AVAILABILITY = YES_AGGRESSIVE;
				CLANG_WARN_UNREACHABLE_CODE = YES;
				CLANG_WARN__DUPLICATE_METHOD_MATCH = YES;
				COPY_PHASE_STRIP = NO;
				DEBUG_INFORMATION_FORMAT = dwarf;
				ENABLE_STRICT_OBJC_MSGSEND = YES;
				ENABLE_TESTABILITY = YES;
				GCC_C_LANGUAGE_STANDARD = gnu11;
				GCC_DYNAMIC_NO_PIC = NO;
				GCC_NO_COMMON_BLOCKS = YES;
				GCC_OPTIMIZATION_LEVEL = 0;
				GCC_PREPROCESSOR_DEFINITIONS = (
					"DEBUG=1",
					"$(inherited)",
				);
				GCC_WARN_64_TO_32_BIT_CONVERSION = YES;
				GCC_WARN_ABOUT_RETURN_TYPE = YES_ERROR;
				GCC_WARN_UNDECLARED_SELECTOR = YES;
				GCC_WARN_UNINITIALIZED_AUTOS = YES_AGGRESSIVE;
				GCC_WARN_UNUSED_FUNCTION = YES;
				GCC_WARN_UNUSED_VARIABLE = YES;
				IPHONEOS_DEPLOYMENT_TARGET = 16.0;
				MTL_ENABLE_DEBUG_INFO = INCLUDE_SOURCE;
				MTL_FAST_MATH = YES;
				ONLY_ACTIVE_ARCH = YES;
				SDKROOT = iphoneos;
				SWIFT_ACTIVE_COMPILATION_CONDITIONS = DEBUG;
				SWIFT_OPTIMIZATION_LEVEL = "-Onone";
			};
			name = Debug;
		};
		A410596628F969B600009C95 /* Release */ = {
			isa = XCBuildConfiguration;
			buildSettings = {
				ALWAYS_SEARCH_USER_PATHS = NO;
				CLANG_ANALYZER_NONNULL = YES;
				CLANG_ANALYZER_NUMBER_OBJECT_CONVERSION = YES_AGGRESSIVE;
				CLANG_CXX_LANGUAGE_STANDARD = "gnu++20";
				CLANG_ENABLE_MODULES = YES;
				CLANG_ENABLE_OBJC_ARC = YES;
				CLANG_ENABLE_OBJC_WEAK = YES;
				CLANG_WARN_BLOCK_CAPTURE_AUTORELEASING = YES;
				CLANG_WARN_BOOL_CONVERSION = YES;
				CLANG_WARN_COMMA = YES;
				CLANG_WARN_CONSTANT_CONVERSION = YES;
				CLANG_WARN_DEPRECATED_OBJC_IMPLEMENTATIONS = YES;
				CLANG_WARN_DIRECT_OBJC_ISA_USAGE = YES_ERROR;
				CLANG_WARN_DOCUMENTATION_COMMENTS = YES;
				CLANG_WARN_EMPTY_BODY = YES;
				CLANG_WARN_ENUM_CONVERSION = YES;
				CLANG_WARN_INFINITE_RECURSION = YES;
				CLANG_WARN_INT_CONVERSION = YES;
				CLANG_WARN_NON_LITERAL_NULL_CONVERSION = YES;
				CLANG_WARN_OBJC_IMPLICIT_RETAIN_SELF = YES;
				CLANG_WARN_OBJC_LITERAL_CONVERSION = YES;
				CLANG_WARN_OBJC_ROOT_CLASS = YES_ERROR;
				CLANG_WARN_QUOTED_INCLUDE_IN_FRAMEWORK_HEADER = YES;
				CLANG_WARN_RANGE_LOOP_ANALYSIS = YES;
				CLANG_WARN_STRICT_PROTOTYPES = YES;
				CLANG_WARN_SUSPICIOUS_MOVE = YES;
				CLANG_WARN_UNGUARDED_AVAILABILITY = YES_AGGRESSIVE;
				CLANG_WARN_UNREACHABLE_CODE = YES;
				CLANG_WARN__DUPLICATE_METHOD_MATCH = YES;
				COPY_PHASE_STRIP = NO;
				DEBUG_INFORMATION_FORMAT = "dwarf-with-dsym";
				ENABLE_NS_ASSERTIONS = NO;
				ENABLE_STRICT_OBJC_MSGSEND = YES;
				GCC_C_LANGUAGE_STANDARD = gnu11;
				GCC_NO_COMMON_BLOCKS = YES;
				GCC_WARN_64_TO_32_BIT_CONVERSION = YES;
				GCC_WARN_ABOUT_RETURN_TYPE = YES_ERROR;
				GCC_WARN_UNDECLARED_SELECTOR = YES;
				GCC_WARN_UNINITIALIZED_AUTOS = YES_AGGRESSIVE;
				GCC_WARN_UNUSED_FUNCTION = YES;
				GCC_WARN_UNUSED_VARIABLE = YES;
				IPHONEOS_DEPLOYMENT_TARGET = 16.0;
				MTL_ENABLE_DEBUG_INFO = NO;
				MTL_FAST_MATH = YES;
				SDKROOT = iphoneos;
				SWIFT_COMPILATION_MODE = wholemodule;
				SWIFT_OPTIMIZATION_LEVEL = "-O";
				VALIDATE_PRODUCT = YES;
			};
			name = Release;
		};
		A410596828F969B600009C95 /* Debug */ = {
			isa = XCBuildConfiguration;
			buildSettings = {
				ASSETCATALOG_COMPILER_APPICON_NAME = AppIcon;
				ASSETCATALOG_COMPILER_GLOBAL_ACCENT_COLOR_NAME = AccentColor;
				CODE_SIGN_STYLE = Automatic;
				CURRENT_PROJECT_VERSION = 1;
				DEVELOPMENT_ASSET_PATHS = "\"Honeymoon/Preview Content\"";
				DEVELOPMENT_TEAM = 864N8V85P8;
				ENABLE_PREVIEWS = YES;
				GENERATE_INFOPLIST_FILE = YES;
				INFOPLIST_KEY_UIApplicationSceneManifest_Generation = YES;
				INFOPLIST_KEY_UIApplicationSupportsIndirectInputEvents = YES;
				INFOPLIST_KEY_UILaunchScreen_Generation = YES;
				INFOPLIST_KEY_UISupportedInterfaceOrientations_iPad = "UIInterfaceOrientationPortrait UIInterfaceOrientationPortraitUpsideDown UIInterfaceOrientationLandscapeLeft UIInterfaceOrientationLandscapeRight";
				INFOPLIST_KEY_UISupportedInterfaceOrientations_iPhone = "UIInterfaceOrientationPortrait UIInterfaceOrientationLandscapeLeft UIInterfaceOrientationLandscapeRight";
				LD_RUNPATH_SEARCH_PATHS = (
					"$(inherited)",
					"@executable_path/Frameworks",
				);
				MARKETING_VERSION = 1.0;
				PRODUCT_BUNDLE_IDENTIFIER = ozturkbasrii.Honeymoon;
				PRODUCT_NAME = "$(TARGET_NAME)";
				SWIFT_EMIT_LOC_STRINGS = YES;
				SWIFT_VERSION = 5.0;
				TARGETED_DEVICE_FAMILY = "1,2";
			};
			name = Debug;
		};
		A410596928F969B600009C95 /* Release */ = {
			isa = XCBuildConfiguration;
			buildSettings = {
				ASSETCATALOG_COMPILER_APPICON_NAME = AppIcon;
				ASSETCATALOG_COMPILER_GLOBAL_ACCENT_COLOR_NAME = AccentColor;
				CODE_SIGN_STYLE = Automatic;
				CURRENT_PROJECT_VERSION = 1;
				DEVELOPMENT_ASSET_PATHS = "\"Honeymoon/Preview Content\"";
				DEVELOPMENT_TEAM = 864N8V85P8;
				ENABLE_PREVIEWS = YES;
				GENERATE_INFOPLIST_FILE = YES;
				INFOPLIST_KEY_UIApplicationSceneManifest_Generation = YES;
				INFOPLIST_KEY_UIApplicationSupportsIndirectInputEvents = YES;
				INFOPLIST_KEY_UILaunchScreen_Generation = YES;
				INFOPLIST_KEY_UISupportedInterfaceOrientations_iPad = "UIInterfaceOrientationPortrait UIInterfaceOrientationPortraitUpsideDown UIInterfaceOrientationLandscapeLeft UIInterfaceOrientationLandscapeRight";
				INFOPLIST_KEY_UISupportedInterfaceOrientations_iPhone = "UIInterfaceOrientationPortrait UIInterfaceOrientationLandscapeLeft UIInterfaceOrientationLandscapeRight";
				LD_RUNPATH_SEARCH_PATHS = (
					"$(inherited)",
					"@executable_path/Frameworks",
				);
				MARKETING_VERSION = 1.0;
				PRODUCT_BUNDLE_IDENTIFIER = ozturkbasrii.Honeymoon;
				PRODUCT_NAME = "$(TARGET_NAME)";
				SWIFT_EMIT_LOC_STRINGS = YES;
				SWIFT_VERSION = 5.0;
				TARGETED_DEVICE_FAMILY = "1,2";
			};
			name = Release;
		};
/* End XCBuildConfiguration section */

/* Begin XCConfigurationList section */
		A410595428F969B600009C95 /* Build configuration list for PBXProject "Honeymoon" */ = {
			isa = XCConfigurationList;
			buildConfigurations = (
				A410596528F969B600009C95 /* Debug */,
				A410596628F969B600009C95 /* Release */,
			);
			defaultConfigurationIsVisible = 0;
			defaultConfigurationName = Release;
		};
		A410596728F969B600009C95 /* Build configuration list for PBXNativeTarget "Honeymoon" */ = {
			isa = XCConfigurationList;
			buildConfigurations = (
				A410596828F969B600009C95 /* Debug */,
				A410596928F969B600009C95 /* Release */,
			);
			defaultConfigurationIsVisible = 0;
			defaultConfigurationName = Release;
		};
/* End XCConfigurationList section */
	};
	rootObject = A410595128F969B600009C95 /* Project object */;
}
